
Microsoft Visual Studio Solution File, Format Version 12.00
# Visual Studio 15
VisualStudioVersion = 15.0.26730.16
MinimumVisualStudioVersion = 10.0.40219.1
Project("{FAE04EC0-301F-11D3-BF4B-00C04F79EFBC}") = "FitnessCmdAPP.CMD", "FitnessCmdAPP.CMD\FitnessCmdAPP.CMD.csproj", "{D77E0164-15C4-4016-B85D-2AEB7808740C}"
EndProject
Project("{FAE04EC0-301F-11D3-BF4B-00C04F79EFBC}") = "Fitness.BL", "Fitmess.BL\Fitness.BL.csproj", "{5D67649B-D57C-4549-B36B-80EEE1E11397}"
EndProject
Project("{FAE04EC0-301F-11D3-BF4B-00C04F79EFBC}") = "Fitness.BLTests", "Fitness.BLTests\Fitness.BLTests.csproj", "{3B9F30AD-FAFB-4BEE-9A49-0BA1D8F25ADC}"
EndProject
Global
	GlobalSection(SolutionConfigurationPlatforms) = preSolution
		Debug|Any CPU = Debug|Any CPU
		Release|Any CPU = Release|Any CPU
	EndGlobalSection
	GlobalSection(ProjectConfigurationPlatforms) = postSolution
		{D77E0164-15C4-4016-B85D-2AEB7808740C}.Debug|Any CPU.ActiveCfg = Debug|Any CPU
		{D77E0164-15C4-4016-B85D-2AEB7808740C}.Debug|Any CPU.Build.0 = Debug|Any CPU
		{D77E0164-15C4-4016-B85D-2AEB7808740C}.Release|Any CPU.ActiveCfg = Release|Any CPU
		{D77E0164-15C4-4016-B85D-2AEB7808740C}.Release|Any CPU.Build.0 = Release|Any CPU
		{5D67649B-D57C-4549-B36B-80EEE1E11397}.Debug|Any CPU.ActiveCfg = Debug|Any CPU
		{5D67649B-D57C-4549-B36B-80EEE1E11397}.Debug|Any CPU.Build.0 = Debug|Any CPU
		{5D67649B-D57C-4549-B36B-80EEE1E11397}.Release|Any CPU.ActiveCfg = Release|Any CPU
		{5D67649B-D57C-4549-B36B-80EEE1E11397}.Release|Any CPU.Build.0 = Release|Any CPU
		{3B9F30AD-FAFB-4BEE-9A49-0BA1D8F25ADC}.Debug|Any CPU.ActiveCfg = Debug|Any CPU
		{3B9F30AD-FAFB-4BEE-9A49-0BA1D8F25ADC}.Debug|Any CPU.Build.0 = Debug|Any CPU
		{3B9F30AD-FAFB-4BEE-9A49-0BA1D8F25ADC}.Release|Any CPU.ActiveCfg = Release|Any CPU
		{3B9F30AD-FAFB-4BEE-9A49-0BA1D8F25ADC}.Release|Any CPU.Build.0 = Release|Any CPU
	EndGlobalSection
	GlobalSection(SolutionProperties) = preSolution
		HideSolutionNode = FALSE
	EndGlobalSection
	GlobalSection(ExtensibilityGlobals) = postSolution
		SolutionGuid = {C882F732-31CC-4913-BCD0-184E4A85FB82}
	EndGlobalSection
EndGlobal
